// !$*UTF8*$!
{
	archiveVersion = 1;
	classes = {
	};
	objectVersion = 48;
	objects = {

/* Begin PBXBuildFile section */
		26D24FCAC0EC2C75FC7C8AEF /* Pods_twitterSearchTests.framework in Frameworks */ = {isa = PBXBuildFile; fileRef = 46DEB21807291A8956089A36 /* Pods_twitterSearchTests.framework */; };
		33DB6B3C0E87B58084C4E57B /* Pods_twitterSearch.framework in Frameworks */ = {isa = PBXBuildFile; fileRef = 08D9409E1A9D042A1CF29221 /* Pods_twitterSearch.framework */; };
		4D0B962A205A2588004DF45F /* UserModelTests.swift in Sources */ = {isa = PBXBuildFile; fileRef = 4D0B9629205A2588004DF45F /* UserModelTests.swift */; };
		4D0B962C205A7D67004DF45F /* User.json in Resources */ = {isa = PBXBuildFile; fileRef = 4D0B962B205A7D67004DF45F /* User.json */; };
		4D10F4ED20601E8400DB9802 /* DetailViewTests.swift in Sources */ = {isa = PBXBuildFile; fileRef = 4D10F4EC20601E8400DB9802 /* DetailViewTests.swift */; };
		4D211E52205F9379002469A0 /* LoginViewTests.swift in Sources */ = {isa = PBXBuildFile; fileRef = 4D211E51205F9379002469A0 /* LoginViewTests.swift */; };
		4D211E59205FA4F5002469A0 /* LoginDataManagerTests.swift in Sources */ = {isa = PBXBuildFile; fileRef = 4D211E58205FA4F5002469A0 /* LoginDataManagerTests.swift */; };
		4D211E5B205FA627002469A0 /* HomePresenterTests.swift in Sources */ = {isa = PBXBuildFile; fileRef = 4D211E5A205FA627002469A0 /* HomePresenterTests.swift */; };
		4D34825020528A5F00B3CA70 /* HomeTweetTableViewCell.swift in Sources */ = {isa = PBXBuildFile; fileRef = 4D34824E20528A5F00B3CA70 /* HomeTweetTableViewCell.swift */; };
		4D34825120528A5F00B3CA70 /* HomeTweetTableViewCell.xib in Resources */ = {isa = PBXBuildFile; fileRef = 4D34824F20528A5F00B3CA70 /* HomeTweetTableViewCell.xib */; };
		4D34826B20554F2800B3CA70 /* HomeViewController.swift in Sources */ = {isa = PBXBuildFile; fileRef = 4D34826A20554F2800B3CA70 /* HomeViewController.swift */; };
		4D34826E2055502900B3CA70 /* HomeProtocols.swift in Sources */ = {isa = PBXBuildFile; fileRef = 4D34826D2055502900B3CA70 /* HomeProtocols.swift */; };
		4D3482702056544E00B3CA70 /* HomePresenter.swift in Sources */ = {isa = PBXBuildFile; fileRef = 4D34826F2056544E00B3CA70 /* HomePresenter.swift */; };
		4D348272205667B900B3CA70 /* HomeWireframe.swift in Sources */ = {isa = PBXBuildFile; fileRef = 4D348271205667B900B3CA70 /* HomeWireframe.swift */; };
		4D3E352C205BB36A00C3BAA5 /* LoginWireframeTests.swift in Sources */ = {isa = PBXBuildFile; fileRef = 4D3E352B205BB36A00C3BAA5 /* LoginWireframeTests.swift */; };
		4D69183F205FC38C002876CA /* HomeInteractorTests.swift in Sources */ = {isa = PBXBuildFile; fileRef = 4D69183E205FC38C002876CA /* HomeInteractorTests.swift */; };
		4D7D46952056B5F70048B71D /* HomeInteractor.swift in Sources */ = {isa = PBXBuildFile; fileRef = 4D7D46942056B5F70048B71D /* HomeInteractor.swift */; };
		4D7D46972056B6440048B71D /* HomeDataManager.swift in Sources */ = {isa = PBXBuildFile; fileRef = 4D7D46962056B6440048B71D /* HomeDataManager.swift */; };
		4D7D46FA2057BE620048B71D /* DetailProtocols.swift in Sources */ = {isa = PBXBuildFile; fileRef = 4D7D46F92057BE620048B71D /* DetailProtocols.swift */; };
		4D7D46FC2057C5A80048B71D /* DetailViewController.swift in Sources */ = {isa = PBXBuildFile; fileRef = 4D7D46FB2057C5A80048B71D /* DetailViewController.swift */; };
		4D7D46FE2057C5CA0048B71D /* DetailPresenter.swift in Sources */ = {isa = PBXBuildFile; fileRef = 4D7D46FD2057C5CA0048B71D /* DetailPresenter.swift */; };
		4D7D47002057C6190048B71D /* DetailWireframe.swift in Sources */ = {isa = PBXBuildFile; fileRef = 4D7D46FF2057C6190048B71D /* DetailWireframe.swift */; };
		4D98D8BE2060CD040038A4FE /* DetailPresenterTests.swift in Sources */ = {isa = PBXBuildFile; fileRef = 4D98D8BD2060CD040038A4FE /* DetailPresenterTests.swift */; };
		4DAB1230205AF53B0012B9BF /* TweetModel.json in Resources */ = {isa = PBXBuildFile; fileRef = 4DAB122F205AF53B0012B9BF /* TweetModel.json */; };
		4DAE5B66205E6FC200F9EF39 /* SearchServiceTests.swift in Sources */ = {isa = PBXBuildFile; fileRef = 4DAE5B65205E6FC200F9EF39 /* SearchServiceTests.swift */; };
		4DAE5B6C205EAA1000F9EF39 /* LoginInteractorTests.swift in Sources */ = {isa = PBXBuildFile; fileRef = 4DAE5B6B205EAA1000F9EF39 /* LoginInteractorTests.swift */; };
		4DAE5B6E205F8AFC00F9EF39 /* LoginPresenterTests.swift in Sources */ = {isa = PBXBuildFile; fileRef = 4DAE5B6D205F8AFC00F9EF39 /* LoginPresenterTests.swift */; };
		4DB9F6D9204FC11E0096AF35 /* AppDelegate.swift in Sources */ = {isa = PBXBuildFile; fileRef = 4DB9F6D8204FC11E0096AF35 /* AppDelegate.swift */; };
		4DB9F6DE204FC11E0096AF35 /* Main.storyboard in Resources */ = {isa = PBXBuildFile; fileRef = 4DB9F6DC204FC11E0096AF35 /* Main.storyboard */; };
		4DB9F6E0204FC11E0096AF35 /* Assets.xcassets in Resources */ = {isa = PBXBuildFile; fileRef = 4DB9F6DF204FC11E0096AF35 /* Assets.xcassets */; };
		4DB9F6E3204FC11E0096AF35 /* LaunchScreen.storyboard in Resources */ = {isa = PBXBuildFile; fileRef = 4DB9F6E1204FC11E0096AF35 /* LaunchScreen.storyboard */; };
		4DB9F6EE204FC11E0096AF35 /* twitterSearchTests.swift in Sources */ = {isa = PBXBuildFile; fileRef = 4DB9F6ED204FC11E0096AF35 /* twitterSearchTests.swift */; };
		4DB9F6F9204FC11E0096AF35 /* twitterSearchUITests.swift in Sources */ = {isa = PBXBuildFile; fileRef = 4DB9F6F8204FC11E0096AF35 /* twitterSearchUITests.swift */; };
		4DB9F76E205055B20096AF35 /* TweetModel.swift in Sources */ = {isa = PBXBuildFile; fileRef = 4DB9F76D205055B20096AF35 /* TweetModel.swift */; };
		4DB9F772205055D60096AF35 /* SearchService.swift in Sources */ = {isa = PBXBuildFile; fileRef = 4DB9F771205055D60096AF35 /* SearchService.swift */; };
		4DB9F7762050594C0096AF35 /* SafariServices.framework in Frameworks */ = {isa = PBXBuildFile; fileRef = 4DB9F7752050594C0096AF35 /* SafariServices.framework */; };
		4DB9F77E2050FE1D0096AF35 /* LoginProtocols.swift in Sources */ = {isa = PBXBuildFile; fileRef = 4DB9F77D2050FE1D0096AF35 /* LoginProtocols.swift */; };
		4DB9F7802050FF680096AF35 /* LoginViewController.swift in Sources */ = {isa = PBXBuildFile; fileRef = 4DB9F77F2050FF680096AF35 /* LoginViewController.swift */; };
		4DB9F782205100290096AF35 /* LoginPresenter.swift in Sources */ = {isa = PBXBuildFile; fileRef = 4DB9F781205100290096AF35 /* LoginPresenter.swift */; };
		4DB9F784205100580096AF35 /* LoginInteractor.swift in Sources */ = {isa = PBXBuildFile; fileRef = 4DB9F783205100580096AF35 /* LoginInteractor.swift */; };
		4DB9F7862051007F0096AF35 /* LoginWireframe.swift in Sources */ = {isa = PBXBuildFile; fileRef = 4DB9F7852051007F0096AF35 /* LoginWireframe.swift */; };
		4DB9F789205101600096AF35 /* LoginDataManager.swift in Sources */ = {isa = PBXBuildFile; fileRef = 4DB9F788205101600096AF35 /* LoginDataManager.swift */; };
		4DBEEE28205BAF7C00008340 /* TweetModelTests.swift in Sources */ = {isa = PBXBuildFile; fileRef = 4DBEEE27205BAF7C00008340 /* TweetModelTests.swift */; };
		4DDBD114205FC9D5008629AE /* HomeViewTests.swift in Sources */ = {isa = PBXBuildFile; fileRef = 4DDBD113205FC9D5008629AE /* HomeViewTests.swift */; };
		4DDE7E7020515797005AEF88 /* String+Extension.swift in Sources */ = {isa = PBXBuildFile; fileRef = 4DDE7E6F20515797005AEF88 /* String+Extension.swift */; };
		4DDE7E732051627A005AEF88 /* TwitterConstant.swift in Sources */ = {isa = PBXBuildFile; fileRef = 4DDE7E722051627A005AEF88 /* TwitterConstant.swift */; };
		4DDE7E76205165DE005AEF88 /* LoginService.swift in Sources */ = {isa = PBXBuildFile; fileRef = 4DDE7E75205165DE005AEF88 /* LoginService.swift */; };
		4DDE7E7920516663005AEF88 /* AuthenModel.swift in Sources */ = {isa = PBXBuildFile; fileRef = 4DDE7E7820516663005AEF88 /* AuthenModel.swift */; };
		CF3D359B680E272B74FCB3D5 /* Pods_twitterSearchUITests.framework in Frameworks */ = {isa = PBXBuildFile; fileRef = 50F78324953665A85B4B0982 /* Pods_twitterSearchUITests.framework */; };
/* End PBXBuildFile section */

/* Begin PBXContainerItemProxy section */
		4DB9F6EA204FC11E0096AF35 /* PBXContainerItemProxy */ = {
			isa = PBXContainerItemProxy;
			containerPortal = 4DB9F6CD204FC11E0096AF35 /* Project object */;
			proxyType = 1;
			remoteGlobalIDString = 4DB9F6D4204FC11E0096AF35;
			remoteInfo = twitterSearch;
		};
		4DB9F6F5204FC11E0096AF35 /* PBXContainerItemProxy */ = {
			isa = PBXContainerItemProxy;
			containerPortal = 4DB9F6CD204FC11E0096AF35 /* Project object */;
			proxyType = 1;
			remoteGlobalIDString = 4DB9F6D4204FC11E0096AF35;
			remoteInfo = twitterSearch;
		};
/* End PBXContainerItemProxy section */

/* Begin PBXFileReference section */
		08D9409E1A9D042A1CF29221 /* Pods_twitterSearch.framework */ = {isa = PBXFileReference; explicitFileType = wrapper.framework; includeInIndex = 0; path = Pods_twitterSearch.framework; sourceTree = BUILT_PRODUCTS_DIR; };
		2BC079F8C13DC0F2A754381D /* Pods-twitterSearchTests.debug.xcconfig */ = {isa = PBXFileReference; includeInIndex = 1; lastKnownFileType = text.xcconfig; name = "Pods-twitterSearchTests.debug.xcconfig"; path = "Pods/Target Support Files/Pods-twitterSearchTests/Pods-twitterSearchTests.debug.xcconfig"; sourceTree = "<group>"; };
		3AE84861893A420D23BA5BC0 /* Pods-twitterSearch.release.xcconfig */ = {isa = PBXFileReference; includeInIndex = 1; lastKnownFileType = text.xcconfig; name = "Pods-twitterSearch.release.xcconfig"; path = "Pods/Target Support Files/Pods-twitterSearch/Pods-twitterSearch.release.xcconfig"; sourceTree = "<group>"; };
		46DEB21807291A8956089A36 /* Pods_twitterSearchTests.framework */ = {isa = PBXFileReference; explicitFileType = wrapper.framework; includeInIndex = 0; path = Pods_twitterSearchTests.framework; sourceTree = BUILT_PRODUCTS_DIR; };
		4D0B9629205A2588004DF45F /* UserModelTests.swift */ = {isa = PBXFileReference; lastKnownFileType = sourcecode.swift; path = UserModelTests.swift; sourceTree = "<group>"; };
		4D0B962B205A7D67004DF45F /* User.json */ = {isa = PBXFileReference; lastKnownFileType = text.json; path = User.json; sourceTree = "<group>"; };
		4D10F4EC20601E8400DB9802 /* DetailViewTests.swift */ = {isa = PBXFileReference; lastKnownFileType = sourcecode.swift; path = DetailViewTests.swift; sourceTree = "<group>"; };
		4D211E51205F9379002469A0 /* LoginViewTests.swift */ = {isa = PBXFileReference; lastKnownFileType = sourcecode.swift; path = LoginViewTests.swift; sourceTree = "<group>"; };
		4D211E58205FA4F5002469A0 /* LoginDataManagerTests.swift */ = {isa = PBXFileReference; lastKnownFileType = sourcecode.swift; path = LoginDataManagerTests.swift; sourceTree = "<group>"; };
		4D211E5A205FA627002469A0 /* HomePresenterTests.swift */ = {isa = PBXFileReference; lastKnownFileType = sourcecode.swift; path = HomePresenterTests.swift; sourceTree = "<group>"; };
		4D34824E20528A5F00B3CA70 /* HomeTweetTableViewCell.swift */ = {isa = PBXFileReference; lastKnownFileType = sourcecode.swift; path = HomeTweetTableViewCell.swift; sourceTree = "<group>"; };
		4D34824F20528A5F00B3CA70 /* HomeTweetTableViewCell.xib */ = {isa = PBXFileReference; lastKnownFileType = file.xib; path = HomeTweetTableViewCell.xib; sourceTree = "<group>"; };
		4D34826A20554F2800B3CA70 /* HomeViewController.swift */ = {isa = PBXFileReference; lastKnownFileType = sourcecode.swift; path = HomeViewController.swift; sourceTree = "<group>"; };
		4D34826D2055502900B3CA70 /* HomeProtocols.swift */ = {isa = PBXFileReference; lastKnownFileType = sourcecode.swift; path = HomeProtocols.swift; sourceTree = "<group>"; };
		4D34826F2056544E00B3CA70 /* HomePresenter.swift */ = {isa = PBXFileReference; lastKnownFileType = sourcecode.swift; path = HomePresenter.swift; sourceTree = "<group>"; };
		4D348271205667B900B3CA70 /* HomeWireframe.swift */ = {isa = PBXFileReference; lastKnownFileType = sourcecode.swift; path = HomeWireframe.swift; sourceTree = "<group>"; };
		4D3E352B205BB36A00C3BAA5 /* LoginWireframeTests.swift */ = {isa = PBXFileReference; lastKnownFileType = sourcecode.swift; path = LoginWireframeTests.swift; sourceTree = "<group>"; };
		4D69183E205FC38C002876CA /* HomeInteractorTests.swift */ = {isa = PBXFileReference; lastKnownFileType = sourcecode.swift; path = HomeInteractorTests.swift; sourceTree = "<group>"; };
		4D7D46942056B5F70048B71D /* HomeInteractor.swift */ = {isa = PBXFileReference; lastKnownFileType = sourcecode.swift; path = HomeInteractor.swift; sourceTree = "<group>"; };
		4D7D46962056B6440048B71D /* HomeDataManager.swift */ = {isa = PBXFileReference; lastKnownFileType = sourcecode.swift; path = HomeDataManager.swift; sourceTree = "<group>"; };
		4D7D46F92057BE620048B71D /* DetailProtocols.swift */ = {isa = PBXFileReference; lastKnownFileType = sourcecode.swift; path = DetailProtocols.swift; sourceTree = "<group>"; };
		4D7D46FB2057C5A80048B71D /* DetailViewController.swift */ = {isa = PBXFileReference; lastKnownFileType = sourcecode.swift; path = DetailViewController.swift; sourceTree = "<group>"; };
		4D7D46FD2057C5CA0048B71D /* DetailPresenter.swift */ = {isa = PBXFileReference; lastKnownFileType = sourcecode.swift; path = DetailPresenter.swift; sourceTree = "<group>"; };
		4D7D46FF2057C6190048B71D /* DetailWireframe.swift */ = {isa = PBXFileReference; lastKnownFileType = sourcecode.swift; path = DetailWireframe.swift; sourceTree = "<group>"; };
		4D98D8BD2060CD040038A4FE /* DetailPresenterTests.swift */ = {isa = PBXFileReference; lastKnownFileType = sourcecode.swift; path = DetailPresenterTests.swift; sourceTree = "<group>"; };
		4DAB122F205AF53B0012B9BF /* TweetModel.json */ = {isa = PBXFileReference; lastKnownFileType = text.json; path = TweetModel.json; sourceTree = "<group>"; };
		4DAE5B65205E6FC200F9EF39 /* SearchServiceTests.swift */ = {isa = PBXFileReference; lastKnownFileType = sourcecode.swift; path = SearchServiceTests.swift; sourceTree = "<group>"; };
		4DAE5B6B205EAA1000F9EF39 /* LoginInteractorTests.swift */ = {isa = PBXFileReference; lastKnownFileType = sourcecode.swift; path = LoginInteractorTests.swift; sourceTree = "<group>"; };
		4DAE5B6D205F8AFC00F9EF39 /* LoginPresenterTests.swift */ = {isa = PBXFileReference; lastKnownFileType = sourcecode.swift; path = LoginPresenterTests.swift; sourceTree = "<group>"; };
		4DB9F6D5204FC11E0096AF35 /* twitterSearch.app */ = {isa = PBXFileReference; explicitFileType = wrapper.application; includeInIndex = 0; path = twitterSearch.app; sourceTree = BUILT_PRODUCTS_DIR; };
		4DB9F6D8204FC11E0096AF35 /* AppDelegate.swift */ = {isa = PBXFileReference; lastKnownFileType = sourcecode.swift; path = AppDelegate.swift; sourceTree = "<group>"; };
		4DB9F6DD204FC11E0096AF35 /* Base */ = {isa = PBXFileReference; lastKnownFileType = file.storyboard; name = Base; path = Base.lproj/Main.storyboard; sourceTree = "<group>"; };
		4DB9F6DF204FC11E0096AF35 /* Assets.xcassets */ = {isa = PBXFileReference; lastKnownFileType = folder.assetcatalog; path = Assets.xcassets; sourceTree = "<group>"; };
		4DB9F6E2204FC11E0096AF35 /* Base */ = {isa = PBXFileReference; lastKnownFileType = file.storyboard; name = Base; path = Base.lproj/LaunchScreen.storyboard; sourceTree = "<group>"; };
		4DB9F6E4204FC11E0096AF35 /* Info.plist */ = {isa = PBXFileReference; lastKnownFileType = text.plist.xml; path = Info.plist; sourceTree = "<group>"; };
		4DB9F6E9204FC11E0096AF35 /* twitterSearchTests.xctest */ = {isa = PBXFileReference; explicitFileType = wrapper.cfbundle; includeInIndex = 0; path = twitterSearchTests.xctest; sourceTree = BUILT_PRODUCTS_DIR; };
		4DB9F6ED204FC11E0096AF35 /* twitterSearchTests.swift */ = {isa = PBXFileReference; lastKnownFileType = sourcecode.swift; path = twitterSearchTests.swift; sourceTree = "<group>"; };
		4DB9F6EF204FC11E0096AF35 /* Info.plist */ = {isa = PBXFileReference; lastKnownFileType = text.plist.xml; path = Info.plist; sourceTree = "<group>"; };
		4DB9F6F4204FC11E0096AF35 /* twitterSearchUITests.xctest */ = {isa = PBXFileReference; explicitFileType = wrapper.cfbundle; includeInIndex = 0; path = twitterSearchUITests.xctest; sourceTree = BUILT_PRODUCTS_DIR; };
		4DB9F6F8204FC11E0096AF35 /* twitterSearchUITests.swift */ = {isa = PBXFileReference; lastKnownFileType = sourcecode.swift; path = twitterSearchUITests.swift; sourceTree = "<group>"; };
		4DB9F6FA204FC11E0096AF35 /* Info.plist */ = {isa = PBXFileReference; lastKnownFileType = text.plist.xml; path = Info.plist; sourceTree = "<group>"; };
		4DB9F76D205055B20096AF35 /* TweetModel.swift */ = {isa = PBXFileReference; lastKnownFileType = sourcecode.swift; path = TweetModel.swift; sourceTree = "<group>"; };
		4DB9F771205055D60096AF35 /* SearchService.swift */ = {isa = PBXFileReference; lastKnownFileType = sourcecode.swift; path = SearchService.swift; sourceTree = "<group>"; };
		4DB9F7752050594C0096AF35 /* SafariServices.framework */ = {isa = PBXFileReference; lastKnownFileType = wrapper.framework; name = SafariServices.framework; path = System/Library/Frameworks/SafariServices.framework; sourceTree = SDKROOT; };
		4DB9F77D2050FE1D0096AF35 /* LoginProtocols.swift */ = {isa = PBXFileReference; lastKnownFileType = sourcecode.swift; path = LoginProtocols.swift; sourceTree = "<group>"; };
		4DB9F77F2050FF680096AF35 /* LoginViewController.swift */ = {isa = PBXFileReference; lastKnownFileType = sourcecode.swift; path = LoginViewController.swift; sourceTree = "<group>"; };
		4DB9F781205100290096AF35 /* LoginPresenter.swift */ = {isa = PBXFileReference; lastKnownFileType = sourcecode.swift; path = LoginPresenter.swift; sourceTree = "<group>"; };
		4DB9F783205100580096AF35 /* LoginInteractor.swift */ = {isa = PBXFileReference; lastKnownFileType = sourcecode.swift; path = LoginInteractor.swift; sourceTree = "<group>"; };
		4DB9F7852051007F0096AF35 /* LoginWireframe.swift */ = {isa = PBXFileReference; lastKnownFileType = sourcecode.swift; path = LoginWireframe.swift; sourceTree = "<group>"; };
		4DB9F788205101600096AF35 /* LoginDataManager.swift */ = {isa = PBXFileReference; lastKnownFileType = sourcecode.swift; path = LoginDataManager.swift; sourceTree = "<group>"; };
		4DBEEE27205BAF7C00008340 /* TweetModelTests.swift */ = {isa = PBXFileReference; lastKnownFileType = sourcecode.swift; path = TweetModelTests.swift; sourceTree = "<group>"; };
		4DDBD113205FC9D5008629AE /* HomeViewTests.swift */ = {isa = PBXFileReference; lastKnownFileType = sourcecode.swift; path = HomeViewTests.swift; sourceTree = "<group>"; };
		4DDE7E6F20515797005AEF88 /* String+Extension.swift */ = {isa = PBXFileReference; lastKnownFileType = sourcecode.swift; path = "String+Extension.swift"; sourceTree = "<group>"; };
		4DDE7E722051627A005AEF88 /* TwitterConstant.swift */ = {isa = PBXFileReference; lastKnownFileType = sourcecode.swift; path = TwitterConstant.swift; sourceTree = "<group>"; };
		4DDE7E75205165DE005AEF88 /* LoginService.swift */ = {isa = PBXFileReference; lastKnownFileType = sourcecode.swift; path = LoginService.swift; sourceTree = "<group>"; };
		4DDE7E7820516663005AEF88 /* AuthenModel.swift */ = {isa = PBXFileReference; lastKnownFileType = sourcecode.swift; path = AuthenModel.swift; sourceTree = "<group>"; };
		50F78324953665A85B4B0982 /* Pods_twitterSearchUITests.framework */ = {isa = PBXFileReference; explicitFileType = wrapper.framework; includeInIndex = 0; path = Pods_twitterSearchUITests.framework; sourceTree = BUILT_PRODUCTS_DIR; };
		6EF3935309AE45014551055D /* Pods-twitterSearchUITests.release.xcconfig */ = {isa = PBXFileReference; includeInIndex = 1; lastKnownFileType = text.xcconfig; name = "Pods-twitterSearchUITests.release.xcconfig"; path = "Pods/Target Support Files/Pods-twitterSearchUITests/Pods-twitterSearchUITests.release.xcconfig"; sourceTree = "<group>"; };
		B6AAD3C4CD451362F3EFD43D /* Pods-twitterSearchTests.release.xcconfig */ = {isa = PBXFileReference; includeInIndex = 1; lastKnownFileType = text.xcconfig; name = "Pods-twitterSearchTests.release.xcconfig"; path = "Pods/Target Support Files/Pods-twitterSearchTests/Pods-twitterSearchTests.release.xcconfig"; sourceTree = "<group>"; };
		C289FDCE8E3B0090B1E9C2D2 /* Pods-twitterSearch.debug.xcconfig */ = {isa = PBXFileReference; includeInIndex = 1; lastKnownFileType = text.xcconfig; name = "Pods-twitterSearch.debug.xcconfig"; path = "Pods/Target Support Files/Pods-twitterSearch/Pods-twitterSearch.debug.xcconfig"; sourceTree = "<group>"; };
		D6434FD7B40DD231D9A22879 /* Pods-twitterSearchUITests.debug.xcconfig */ = {isa = PBXFileReference; includeInIndex = 1; lastKnownFileType = text.xcconfig; name = "Pods-twitterSearchUITests.debug.xcconfig"; path = "Pods/Target Support Files/Pods-twitterSearchUITests/Pods-twitterSearchUITests.debug.xcconfig"; sourceTree = "<group>"; };
/* End PBXFileReference section */

/* Begin PBXFrameworksBuildPhase section */
		4DB9F6D2204FC11E0096AF35 /* Frameworks */ = {
			isa = PBXFrameworksBuildPhase;
			buildActionMask = 2147483647;
			files = (
				4DB9F7762050594C0096AF35 /* SafariServices.framework in Frameworks */,
				33DB6B3C0E87B58084C4E57B /* Pods_twitterSearch.framework in Frameworks */,
			);
			runOnlyForDeploymentPostprocessing = 0;
		};
		4DB9F6E6204FC11E0096AF35 /* Frameworks */ = {
			isa = PBXFrameworksBuildPhase;
			buildActionMask = 2147483647;
			files = (
				26D24FCAC0EC2C75FC7C8AEF /* Pods_twitterSearchTests.framework in Frameworks */,
			);
			runOnlyForDeploymentPostprocessing = 0;
		};
		4DB9F6F1204FC11E0096AF35 /* Frameworks */ = {
			isa = PBXFrameworksBuildPhase;
			buildActionMask = 2147483647;
			files = (
				CF3D359B680E272B74FCB3D5 /* Pods_twitterSearchUITests.framework in Frameworks */,
			);
			runOnlyForDeploymentPostprocessing = 0;
		};
/* End PBXFrameworksBuildPhase section */

/* Begin PBXGroup section */
		45CD13E913F1C01542C59D90 /* Frameworks */ = {
			isa = PBXGroup;
			children = (
				4DB9F7752050594C0096AF35 /* SafariServices.framework */,
				08D9409E1A9D042A1CF29221 /* Pods_twitterSearch.framework */,
				46DEB21807291A8956089A36 /* Pods_twitterSearchTests.framework */,
				50F78324953665A85B4B0982 /* Pods_twitterSearchUITests.framework */,
			);
			name = Frameworks;
			sourceTree = "<group>";
		};
		4D0B9625205A2551004DF45F /* Common */ = {
			isa = PBXGroup;
			children = (
				4D0B9627205A2563004DF45F /* Service */,
				4D0B9626205A255D004DF45F /* Model */,
			);
			path = Common;
			sourceTree = "<group>";
		};
		4D0B9626205A255D004DF45F /* Model */ = {
			isa = PBXGroup;
			children = (
				4D0B9629205A2588004DF45F /* UserModelTests.swift */,
				4DBEEE27205BAF7C00008340 /* TweetModelTests.swift */,
			);
			path = Model;
			sourceTree = "<group>";
		};
		4D0B9627205A2563004DF45F /* Service */ = {
			isa = PBXGroup;
			children = (
				4DAE5B65205E6FC200F9EF39 /* SearchServiceTests.swift */,
			);
			path = Service;
			sourceTree = "<group>";
		};
		4D10F4E920601E4D00DB9802 /* View */ = {
			isa = PBXGroup;
			children = (
				4D10F4EC20601E8400DB9802 /* DetailViewTests.swift */,
			);
			path = View;
			sourceTree = "<group>";
		};
		4D10F4EA20601E5200DB9802 /* Presenter */ = {
			isa = PBXGroup;
			children = (
				4D98D8BD2060CD040038A4FE /* DetailPresenterTests.swift */,
			);
			path = Presenter;
			sourceTree = "<group>";
		};
		4D10F4EB20601E5700DB9802 /* Wireframe */ = {
			isa = PBXGroup;
			children = (
			);
			path = Wireframe;
			sourceTree = "<group>";
		};
		4D211E53205FA453002469A0 /* View */ = {
			isa = PBXGroup;
			children = (
				4DDBD113205FC9D5008629AE /* HomeViewTests.swift */,
			);
			path = View;
			sourceTree = "<group>";
		};
		4D211E54205FA45E002469A0 /* Presenter */ = {
			isa = PBXGroup;
			children = (
				4D211E5A205FA627002469A0 /* HomePresenterTests.swift */,
			);
			path = Presenter;
			sourceTree = "<group>";
		};
		4D211E55205FA464002469A0 /* Wireframe */ = {
			isa = PBXGroup;
			children = (
			);
			path = Wireframe;
			sourceTree = "<group>";
		};
		4D211E56205FA46F002469A0 /* Interactor */ = {
			isa = PBXGroup;
			children = (
				4D69183E205FC38C002876CA /* HomeInteractorTests.swift */,
			);
			path = Interactor;
			sourceTree = "<group>";
		};
		4D211E57205FA4E5002469A0 /* DataManager */ = {
			isa = PBXGroup;
			children = (
				4D211E58205FA4F5002469A0 /* LoginDataManagerTests.swift */,
			);
			path = DataManager;
			sourceTree = "<group>";
		};
		4D3482542052DDD900B3CA70 /* Home */ = {
			isa = PBXGroup;
			children = (
				4D7D46932056B4E40048B71D /* DataManager */,
				4D7D46922056B4CB0048B71D /* Interactor */,
				4D34826C20554FFD00B3CA70 /* Wireframe */,
				4D3482682055366F00B3CA70 /* Presenter */,
				4D3482672055366700B3CA70 /* View */,
				4D3482662055365100B3CA70 /* Protocols */,
			);
			path = Home;
			sourceTree = "<group>";
		};
		4D3482652055364000B3CA70 /* Detail */ = {
			isa = PBXGroup;
			children = (
				4D7D46F82057BE490048B71D /* Interactor */,
				4D7D46F72057BE440048B71D /* Presenter */,
				4D7D46F62057BE3F0048B71D /* View */,
				4D7D46F52057BE330048B71D /* Wireframe */,
				4D7D46F42057BE2C0048B71D /* Protocols */,
			);
			path = Detail;
			sourceTree = "<group>";
		};
		4D3482662055365100B3CA70 /* Protocols */ = {
			isa = PBXGroup;
			children = (
				4D34826D2055502900B3CA70 /* HomeProtocols.swift */,
			);
			path = Protocols;
			sourceTree = "<group>";
		};
		4D3482672055366700B3CA70 /* View */ = {
			isa = PBXGroup;
			children = (
				4D34824E20528A5F00B3CA70 /* HomeTweetTableViewCell.swift */,
				4D34824F20528A5F00B3CA70 /* HomeTweetTableViewCell.xib */,
				4D34826A20554F2800B3CA70 /* HomeViewController.swift */,
			);
			path = View;
			sourceTree = "<group>";
		};
		4D3482682055366F00B3CA70 /* Presenter */ = {
			isa = PBXGroup;
			children = (
				4D34826F2056544E00B3CA70 /* HomePresenter.swift */,
			);
			path = Presenter;
			sourceTree = "<group>";
		};
		4D34826C20554FFD00B3CA70 /* Wireframe */ = {
			isa = PBXGroup;
			children = (
				4D348271205667B900B3CA70 /* HomeWireframe.swift */,
			);
			path = Wireframe;
			sourceTree = "<group>";
		};
		4D3E3528205BB34200C3BAA5 /* Login */ = {
			isa = PBXGroup;
			children = (
				4D211E57205FA4E5002469A0 /* DataManager */,
				4DAE5B6A205EA9F700F9EF39 /* View */,
				4DAE5B69205EA9F200F9EF39 /* Presenter */,
				4DAE5B68205EA9ED00F9EF39 /* Interactor */,
				4DAE5B67205EA9E700F9EF39 /* Wireframe */,
			);
			path = Login;
			sourceTree = "<group>";
		};
		4D3E3529205BB34F00C3BAA5 /* Home */ = {
			isa = PBXGroup;
			children = (
				4D211E56205FA46F002469A0 /* Interactor */,
				4D211E55205FA464002469A0 /* Wireframe */,
				4D211E54205FA45E002469A0 /* Presenter */,
				4D211E53205FA453002469A0 /* View */,
			);
			path = Home;
			sourceTree = "<group>";
		};
		4D3E352A205BB35300C3BAA5 /* Detail */ = {
			isa = PBXGroup;
			children = (
				4D10F4EB20601E5700DB9802 /* Wireframe */,
				4D10F4EA20601E5200DB9802 /* Presenter */,
				4D10F4E920601E4D00DB9802 /* View */,
			);
			path = Detail;
			sourceTree = "<group>";
		};
		4D7D46902056A47F0048B71D /* Service */ = {
			isa = PBXGroup;
			children = (
				4DB9F771205055D60096AF35 /* SearchService.swift */,
			);
			path = Service;
			sourceTree = "<group>";
		};
		4D7D46912056A4A20048B71D /* Model */ = {
			isa = PBXGroup;
			children = (
				4DB9F76D205055B20096AF35 /* TweetModel.swift */,
			);
			path = Model;
			sourceTree = "<group>";
		};
		4D7D46922056B4CB0048B71D /* Interactor */ = {
			isa = PBXGroup;
			children = (
				4D7D46942056B5F70048B71D /* HomeInteractor.swift */,
			);
			path = Interactor;
			sourceTree = "<group>";
		};
		4D7D46932056B4E40048B71D /* DataManager */ = {
			isa = PBXGroup;
			children = (
				4D7D46962056B6440048B71D /* HomeDataManager.swift */,
			);
			path = DataManager;
			sourceTree = "<group>";
		};
		4D7D46F42057BE2C0048B71D /* Protocols */ = {
			isa = PBXGroup;
			children = (
				4D7D46F92057BE620048B71D /* DetailProtocols.swift */,
			);
			path = Protocols;
			sourceTree = "<group>";
		};
		4D7D46F52057BE330048B71D /* Wireframe */ = {
			isa = PBXGroup;
			children = (
				4D7D46FF2057C6190048B71D /* DetailWireframe.swift */,
			);
			path = Wireframe;
			sourceTree = "<group>";
		};
		4D7D46F62057BE3F0048B71D /* View */ = {
			isa = PBXGroup;
			children = (
				4D7D46FB2057C5A80048B71D /* DetailViewController.swift */,
			);
			path = View;
			sourceTree = "<group>";
		};
		4D7D46F72057BE440048B71D /* Presenter */ = {
			isa = PBXGroup;
			children = (
				4D7D46FD2057C5CA0048B71D /* DetailPresenter.swift */,
			);
			path = Presenter;
			sourceTree = "<group>";
		};
		4D7D46F82057BE490048B71D /* Interactor */ = {
			isa = PBXGroup;
			children = (
			);
			path = Interactor;
			sourceTree = "<group>";
		};
		4DAE5B67205EA9E700F9EF39 /* Wireframe */ = {
			isa = PBXGroup;
			children = (
				4D3E352B205BB36A00C3BAA5 /* LoginWireframeTests.swift */,
			);
			path = Wireframe;
			sourceTree = "<group>";
		};
		4DAE5B68205EA9ED00F9EF39 /* Interactor */ = {
			isa = PBXGroup;
			children = (
				4DAE5B6B205EAA1000F9EF39 /* LoginInteractorTests.swift */,
			);
			path = Interactor;
			sourceTree = "<group>";
		};
		4DAE5B69205EA9F200F9EF39 /* Presenter */ = {
			isa = PBXGroup;
			children = (
				4DAE5B6D205F8AFC00F9EF39 /* LoginPresenterTests.swift */,
			);
			path = Presenter;
			sourceTree = "<group>";
		};
		4DAE5B6A205EA9F700F9EF39 /* View */ = {
			isa = PBXGroup;
			children = (
				4D211E51205F9379002469A0 /* LoginViewTests.swift */,
			);
			path = View;
			sourceTree = "<group>";
		};
		4DB9F6CC204FC11E0096AF35 = {
			isa = PBXGroup;
			children = (
				4DB9F6D7204FC11E0096AF35 /* twitterSearch */,
				4DB9F6EC204FC11E0096AF35 /* twitterSearchTests */,
				4DB9F6F7204FC11E0096AF35 /* twitterSearchUITests */,
				4DB9F6D6204FC11E0096AF35 /* Products */,
				FE1C8041EFE809E19DC9166C /* Pods */,
				45CD13E913F1C01542C59D90 /* Frameworks */,
			);
			sourceTree = "<group>";
		};
		4DB9F6D6204FC11E0096AF35 /* Products */ = {
			isa = PBXGroup;
			children = (
				4DB9F6D5204FC11E0096AF35 /* twitterSearch.app */,
				4DB9F6E9204FC11E0096AF35 /* twitterSearchTests.xctest */,
				4DB9F6F4204FC11E0096AF35 /* twitterSearchUITests.xctest */,
			);
			name = Products;
			sourceTree = "<group>";
		};
		4DB9F6D7204FC11E0096AF35 /* twitterSearch */ = {
			isa = PBXGroup;
			children = (
				4DB9F773205056C50096AF35 /* Common */,
				4DB9F759205054B90096AF35 /* Modules */,
				4DB9F6D8204FC11E0096AF35 /* AppDelegate.swift */,
				4DB9F6DC204FC11E0096AF35 /* Main.storyboard */,
				4DB9F6DF204FC11E0096AF35 /* Assets.xcassets */,
				4DB9F6E1204FC11E0096AF35 /* LaunchScreen.storyboard */,
				4DB9F6E4204FC11E0096AF35 /* Info.plist */,
			);
			path = twitterSearch;
			sourceTree = "<group>";
		};
		4DB9F6EC204FC11E0096AF35 /* twitterSearchTests */ = {
			isa = PBXGroup;
			children = (
				4D3E352A205BB35300C3BAA5 /* Detail */,
				4D3E3529205BB34F00C3BAA5 /* Home */,
				4D3E3528205BB34200C3BAA5 /* Login */,
				4D0B962B205A7D67004DF45F /* User.json */,
				4DAB122F205AF53B0012B9BF /* TweetModel.json */,
				4D0B9625205A2551004DF45F /* Common */,
				4DB9F6ED204FC11E0096AF35 /* twitterSearchTests.swift */,
				4DB9F6EF204FC11E0096AF35 /* Info.plist */,
			);
			path = twitterSearchTests;
			sourceTree = "<group>";
		};
		4DB9F6F7204FC11E0096AF35 /* twitterSearchUITests */ = {
			isa = PBXGroup;
			children = (
				4DB9F6F8204FC11E0096AF35 /* twitterSearchUITests.swift */,
				4DB9F6FA204FC11E0096AF35 /* Info.plist */,
			);
			path = twitterSearchUITests;
			sourceTree = "<group>";
		};
		4DB9F759205054B90096AF35 /* Modules */ = {
			isa = PBXGroup;
			children = (
				4D3482652055364000B3CA70 /* Detail */,
				4D3482542052DDD900B3CA70 /* Home */,
				4DB9F7772050FD890096AF35 /* Login */,
			);
			path = Modules;
			sourceTree = "<group>";
		};
		4DB9F773205056C50096AF35 /* Common */ = {
			isa = PBXGroup;
			children = (
				4D7D46912056A4A20048B71D /* Model */,
				4D7D46902056A47F0048B71D /* Service */,
				4DDE7E712051626D005AEF88 /* Constants */,
				4DDE7E6E2051578B005AEF88 /* Extension */,
				4DB9F774205056CA0096AF35 /* Headers */,
			);
			path = Common;
			sourceTree = "<group>";
		};
		4DB9F774205056CA0096AF35 /* Headers */ = {
			isa = PBXGroup;
			children = (
			);
			path = Headers;
			sourceTree = "<group>";
		};
		4DB9F7772050FD890096AF35 /* Login */ = {
			isa = PBXGroup;
			children = (
				4DDE7E772051664C005AEF88 /* Entity */,
				4DDE7E74205165D3005AEF88 /* Common */,
				4DB9F787205101530096AF35 /* DataManager */,
				4DB9F77C2050FDAE0096AF35 /* Wireframe */,
				4DB9F77B2050FDA80096AF35 /* Interator */,
				4DB9F77A2050FDA30096AF35 /* Presenter */,
				4DB9F7792050FD9A0096AF35 /* View */,
				4DB9F7782050FD8E0096AF35 /* Protocols */,
			);
			path = Login;
			sourceTree = "<group>";
		};
		4DB9F7782050FD8E0096AF35 /* Protocols */ = {
			isa = PBXGroup;
			children = (
				4DB9F77D2050FE1D0096AF35 /* LoginProtocols.swift */,
			);
			path = Protocols;
			sourceTree = "<group>";
		};
		4DB9F7792050FD9A0096AF35 /* View */ = {
			isa = PBXGroup;
			children = (
				4DB9F77F2050FF680096AF35 /* LoginViewController.swift */,
			);
			path = View;
			sourceTree = "<group>";
		};
		4DB9F77A2050FDA30096AF35 /* Presenter */ = {
			isa = PBXGroup;
			children = (
				4DB9F781205100290096AF35 /* LoginPresenter.swift */,
			);
			path = Presenter;
			sourceTree = "<group>";
		};
		4DB9F77B2050FDA80096AF35 /* Interator */ = {
			isa = PBXGroup;
			children = (
				4DB9F783205100580096AF35 /* LoginInteractor.swift */,
			);
			path = Interator;
			sourceTree = "<group>";
		};
		4DB9F77C2050FDAE0096AF35 /* Wireframe */ = {
			isa = PBXGroup;
			children = (
				4DB9F7852051007F0096AF35 /* LoginWireframe.swift */,
			);
			path = Wireframe;
			sourceTree = "<group>";
		};
		4DB9F787205101530096AF35 /* DataManager */ = {
			isa = PBXGroup;
			children = (
				4DB9F788205101600096AF35 /* LoginDataManager.swift */,
			);
			path = DataManager;
			sourceTree = "<group>";
		};
		4DDE7E6E2051578B005AEF88 /* Extension */ = {
			isa = PBXGroup;
			children = (
				4DDE7E6F20515797005AEF88 /* String+Extension.swift */,
			);
			path = Extension;
			sourceTree = "<group>";
		};
		4DDE7E712051626D005AEF88 /* Constants */ = {
			isa = PBXGroup;
			children = (
				4DDE7E722051627A005AEF88 /* TwitterConstant.swift */,
			);
			path = Constants;
			sourceTree = "<group>";
		};
		4DDE7E74205165D3005AEF88 /* Common */ = {
			isa = PBXGroup;
			children = (
				4DDE7E75205165DE005AEF88 /* LoginService.swift */,
			);
			path = Common;
			sourceTree = "<group>";
		};
		4DDE7E772051664C005AEF88 /* Entity */ = {
			isa = PBXGroup;
			children = (
				4DDE7E7820516663005AEF88 /* AuthenModel.swift */,
			);
			path = Entity;
			sourceTree = "<group>";
		};
		FE1C8041EFE809E19DC9166C /* Pods */ = {
			isa = PBXGroup;
			children = (
				C289FDCE8E3B0090B1E9C2D2 /* Pods-twitterSearch.debug.xcconfig */,
				3AE84861893A420D23BA5BC0 /* Pods-twitterSearch.release.xcconfig */,
				2BC079F8C13DC0F2A754381D /* Pods-twitterSearchTests.debug.xcconfig */,
				B6AAD3C4CD451362F3EFD43D /* Pods-twitterSearchTests.release.xcconfig */,
				D6434FD7B40DD231D9A22879 /* Pods-twitterSearchUITests.debug.xcconfig */,
				6EF3935309AE45014551055D /* Pods-twitterSearchUITests.release.xcconfig */,
			);
			name = Pods;
			sourceTree = "<group>";
		};
/* End PBXGroup section */

/* Begin PBXNativeTarget section */
		4DB9F6D4204FC11E0096AF35 /* twitterSearch */ = {
			isa = PBXNativeTarget;
			buildConfigurationList = 4DB9F6FD204FC11E0096AF35 /* Build configuration list for PBXNativeTarget "twitterSearch" */;
			buildPhases = (
				7BEBD87DB1D92ED6D22AC4BE /* [CP] Check Pods Manifest.lock */,
				4DB9F6D1204FC11E0096AF35 /* Sources */,
				4DB9F6D2204FC11E0096AF35 /* Frameworks */,
				4DB9F6D3204FC11E0096AF35 /* Resources */,
				759E2822FBB77761E357A21C /* [CP] Embed Pods Frameworks */,
				AB0AB46C0DAD51E40CD168D1 /* [CP] Copy Pods Resources */,
			);
			buildRules = (
			);
			dependencies = (
			);
			name = twitterSearch;
			productName = twitterSearch;
			productReference = 4DB9F6D5204FC11E0096AF35 /* twitterSearch.app */;
			productType = "com.apple.product-type.application";
		};
		4DB9F6E8204FC11E0096AF35 /* twitterSearchTests */ = {
			isa = PBXNativeTarget;
			buildConfigurationList = 4DB9F700204FC11E0096AF35 /* Build configuration list for PBXNativeTarget "twitterSearchTests" */;
			buildPhases = (
				DF3D64F2C2C4B6845D4C0ACF /* [CP] Check Pods Manifest.lock */,
				4DB9F6E5204FC11E0096AF35 /* Sources */,
				4DB9F6E6204FC11E0096AF35 /* Frameworks */,
				4DB9F6E7204FC11E0096AF35 /* Resources */,
				0391C6E2C7A9D4DF18AE325F /* [CP] Embed Pods Frameworks */,
				04ACAE9E73E8C3859CB326F6 /* [CP] Copy Pods Resources */,
			);
			buildRules = (
			);
			dependencies = (
				4DB9F6EB204FC11E0096AF35 /* PBXTargetDependency */,
			);
			name = twitterSearchTests;
			productName = twitterSearchTests;
			productReference = 4DB9F6E9204FC11E0096AF35 /* twitterSearchTests.xctest */;
			productType = "com.apple.product-type.bundle.unit-test";
		};
		4DB9F6F3204FC11E0096AF35 /* twitterSearchUITests */ = {
			isa = PBXNativeTarget;
			buildConfigurationList = 4DB9F703204FC11E0096AF35 /* Build configuration list for PBXNativeTarget "twitterSearchUITests" */;
			buildPhases = (
				8078A6D9E8392900B9368622 /* [CP] Check Pods Manifest.lock */,
				4DB9F6F0204FC11E0096AF35 /* Sources */,
				4DB9F6F1204FC11E0096AF35 /* Frameworks */,
				4DB9F6F2204FC11E0096AF35 /* Resources */,
				249FAD837711EF7E5A71004B /* [CP] Embed Pods Frameworks */,
				2C637F3267FAFD27287C6ECD /* [CP] Copy Pods Resources */,
			);
			buildRules = (
			);
			dependencies = (
				4DB9F6F6204FC11E0096AF35 /* PBXTargetDependency */,
			);
			name = twitterSearchUITests;
			productName = twitterSearchUITests;
			productReference = 4DB9F6F4204FC11E0096AF35 /* twitterSearchUITests.xctest */;
			productType = "com.apple.product-type.bundle.ui-testing";
		};
/* End PBXNativeTarget section */

/* Begin PBXProject section */
		4DB9F6CD204FC11E0096AF35 /* Project object */ = {
			isa = PBXProject;
			attributes = {
				LastSwiftUpdateCheck = 0920;
				LastUpgradeCheck = 0920;
				ORGANIZATIONNAME = "Kajornsak Peerapathananont";
				TargetAttributes = {
					4DB9F6D4204FC11E0096AF35 = {
						CreatedOnToolsVersion = 9.2;
						ProvisioningStyle = Automatic;
					};
					4DB9F6E8204FC11E0096AF35 = {
						CreatedOnToolsVersion = 9.2;
						ProvisioningStyle = Automatic;
						TestTargetID = 4DB9F6D4204FC11E0096AF35;
					};
					4DB9F6F3204FC11E0096AF35 = {
						CreatedOnToolsVersion = 9.2;
						ProvisioningStyle = Automatic;
						TestTargetID = 4DB9F6D4204FC11E0096AF35;
					};
				};
			};
			buildConfigurationList = 4DB9F6D0204FC11E0096AF35 /* Build configuration list for PBXProject "twitterSearch" */;
			compatibilityVersion = "Xcode 8.0";
			developmentRegion = en;
			hasScannedForEncodings = 0;
			knownRegions = (
				en,
				Base,
			);
			mainGroup = 4DB9F6CC204FC11E0096AF35;
			productRefGroup = 4DB9F6D6204FC11E0096AF35 /* Products */;
			projectDirPath = "";
			projectRoot = "";
			targets = (
				4DB9F6D4204FC11E0096AF35 /* twitterSearch */,
				4DB9F6E8204FC11E0096AF35 /* twitterSearchTests */,
				4DB9F6F3204FC11E0096AF35 /* twitterSearchUITests */,
			);
		};
/* End PBXProject section */

/* Begin PBXResourcesBuildPhase section */
		4DB9F6D3204FC11E0096AF35 /* Resources */ = {
			isa = PBXResourcesBuildPhase;
			buildActionMask = 2147483647;
			files = (
				4DB9F6E3204FC11E0096AF35 /* LaunchScreen.storyboard in Resources */,
				4DB9F6E0204FC11E0096AF35 /* Assets.xcassets in Resources */,
				4DB9F6DE204FC11E0096AF35 /* Main.storyboard in Resources */,
				4D34825120528A5F00B3CA70 /* HomeTweetTableViewCell.xib in Resources */,
			);
			runOnlyForDeploymentPostprocessing = 0;
		};
		4DB9F6E7204FC11E0096AF35 /* Resources */ = {
			isa = PBXResourcesBuildPhase;
			buildActionMask = 2147483647;
			files = (
				4D0B962C205A7D67004DF45F /* User.json in Resources */,
				4DAB1230205AF53B0012B9BF /* TweetModel.json in Resources */,
			);
			runOnlyForDeploymentPostprocessing = 0;
		};
		4DB9F6F2204FC11E0096AF35 /* Resources */ = {
			isa = PBXResourcesBuildPhase;
			buildActionMask = 2147483647;
			files = (
			);
			runOnlyForDeploymentPostprocessing = 0;
		};
/* End PBXResourcesBuildPhase section */

/* Begin PBXShellScriptBuildPhase section */
		0391C6E2C7A9D4DF18AE325F /* [CP] Embed Pods Frameworks */ = {
			isa = PBXShellScriptBuildPhase;
			buildActionMask = 2147483647;
			files = (
			);
			inputPaths = (
			);
			name = "[CP] Embed Pods Frameworks";
			outputPaths = (
			);
			runOnlyForDeploymentPostprocessing = 0;
			shellPath = /bin/sh;
			shellScript = "\"${SRCROOT}/Pods/Target Support Files/Pods-twitterSearchTests/Pods-twitterSearchTests-frameworks.sh\"\n";
			showEnvVarsInLog = 0;
		};
		04ACAE9E73E8C3859CB326F6 /* [CP] Copy Pods Resources */ = {
			isa = PBXShellScriptBuildPhase;
			buildActionMask = 2147483647;
			files = (
			);
			inputPaths = (
			);
			name = "[CP] Copy Pods Resources";
			outputPaths = (
			);
			runOnlyForDeploymentPostprocessing = 0;
			shellPath = /bin/sh;
			shellScript = "\"${SRCROOT}/Pods/Target Support Files/Pods-twitterSearchTests/Pods-twitterSearchTests-resources.sh\"\n";
			showEnvVarsInLog = 0;
		};
		249FAD837711EF7E5A71004B /* [CP] Embed Pods Frameworks */ = {
			isa = PBXShellScriptBuildPhase;
			buildActionMask = 2147483647;
			files = (
			);
			inputPaths = (
			);
			name = "[CP] Embed Pods Frameworks";
			outputPaths = (
			);
			runOnlyForDeploymentPostprocessing = 0;
			shellPath = /bin/sh;
			shellScript = "\"${SRCROOT}/Pods/Target Support Files/Pods-twitterSearchUITests/Pods-twitterSearchUITests-frameworks.sh\"\n";
			showEnvVarsInLog = 0;
		};
		2C637F3267FAFD27287C6ECD /* [CP] Copy Pods Resources */ = {
			isa = PBXShellScriptBuildPhase;
			buildActionMask = 2147483647;
			files = (
			);
			inputPaths = (
			);
			name = "[CP] Copy Pods Resources";
			outputPaths = (
			);
			runOnlyForDeploymentPostprocessing = 0;
			shellPath = /bin/sh;
			shellScript = "\"${SRCROOT}/Pods/Target Support Files/Pods-twitterSearchUITests/Pods-twitterSearchUITests-resources.sh\"\n";
			showEnvVarsInLog = 0;
		};
		759E2822FBB77761E357A21C /* [CP] Embed Pods Frameworks */ = {
			isa = PBXShellScriptBuildPhase;
			buildActionMask = 2147483647;
			files = (
			);
			inputPaths = (
				"${SRCROOT}/Pods/Target Support Files/Pods-twitterSearch/Pods-twitterSearch-frameworks.sh",
				"${BUILT_PRODUCTS_DIR}/Alamofire/Alamofire.framework",
				"${BUILT_PRODUCTS_DIR}/Kingfisher/Kingfisher.framework",
				"${BUILT_PRODUCTS_DIR}/Moya/Moya.framework",
				"${BUILT_PRODUCTS_DIR}/PKHUD/PKHUD.framework",
				"${BUILT_PRODUCTS_DIR}/Result/Result.framework",
			);
			name = "[CP] Embed Pods Frameworks";
			outputPaths = (
				"${TARGET_BUILD_DIR}/${FRAMEWORKS_FOLDER_PATH}/Alamofire.framework",
				"${TARGET_BUILD_DIR}/${FRAMEWORKS_FOLDER_PATH}/Kingfisher.framework",
				"${TARGET_BUILD_DIR}/${FRAMEWORKS_FOLDER_PATH}/Moya.framework",
				"${TARGET_BUILD_DIR}/${FRAMEWORKS_FOLDER_PATH}/PKHUD.framework",
				"${TARGET_BUILD_DIR}/${FRAMEWORKS_FOLDER_PATH}/Result.framework",
			);
			runOnlyForDeploymentPostprocessing = 0;
			shellPath = /bin/sh;
			shellScript = "\"${SRCROOT}/Pods/Target Support Files/Pods-twitterSearch/Pods-twitterSearch-frameworks.sh\"\n";
			showEnvVarsInLog = 0;
		};
		7BEBD87DB1D92ED6D22AC4BE /* [CP] Check Pods Manifest.lock */ = {
			isa = PBXShellScriptBuildPhase;
			buildActionMask = 2147483647;
			files = (
			);
			inputPaths = (
				"${PODS_PODFILE_DIR_PATH}/Podfile.lock",
				"${PODS_ROOT}/Manifest.lock",
			);
			name = "[CP] Check Pods Manifest.lock";
			outputPaths = (
				"$(DERIVED_FILE_DIR)/Pods-twitterSearch-checkManifestLockResult.txt",
			);
			runOnlyForDeploymentPostprocessing = 0;
			shellPath = /bin/sh;
			shellScript = "diff \"${PODS_PODFILE_DIR_PATH}/Podfile.lock\" \"${PODS_ROOT}/Manifest.lock\" > /dev/null\nif [ $? != 0 ] ; then\n    # print error to STDERR\n    echo \"error: The sandbox is not in sync with the Podfile.lock. Run 'pod install' or update your CocoaPods installation.\" >&2\n    exit 1\nfi\n# This output is used by Xcode 'outputs' to avoid re-running this script phase.\necho \"SUCCESS\" > \"${SCRIPT_OUTPUT_FILE_0}\"\n";
			showEnvVarsInLog = 0;
		};
		8078A6D9E8392900B9368622 /* [CP] Check Pods Manifest.lock */ = {
			isa = PBXShellScriptBuildPhase;
			buildActionMask = 2147483647;
			files = (
			);
			inputPaths = (
				"${PODS_PODFILE_DIR_PATH}/Podfile.lock",
				"${PODS_ROOT}/Manifest.lock",
			);
			name = "[CP] Check Pods Manifest.lock";
			outputPaths = (
				"$(DERIVED_FILE_DIR)/Pods-twitterSearchUITests-checkManifestLockResult.txt",
			);
			runOnlyForDeploymentPostprocessing = 0;
			shellPath = /bin/sh;
			shellScript = "diff \"${PODS_PODFILE_DIR_PATH}/Podfile.lock\" \"${PODS_ROOT}/Manifest.lock\" > /dev/null\nif [ $? != 0 ] ; then\n    # print error to STDERR\n    echo \"error: The sandbox is not in sync with the Podfile.lock. Run 'pod install' or update your CocoaPods installation.\" >&2\n    exit 1\nfi\n# This output is used by Xcode 'outputs' to avoid re-running this script phase.\necho \"SUCCESS\" > \"${SCRIPT_OUTPUT_FILE_0}\"\n";
			showEnvVarsInLog = 0;
		};
		AB0AB46C0DAD51E40CD168D1 /* [CP] Copy Pods Resources */ = {
			isa = PBXShellScriptBuildPhase;
			buildActionMask = 2147483647;
			files = (
			);
			inputPaths = (
				"${SRCROOT}/Pods/Target Support Files/Pods-twitterSearch/Pods-twitterSearch-resources.sh",
				"${PODS_ROOT}/TwitterKit/iOS/TwitterKit.framework/TwitterKitResources.bundle",
				"${PODS_ROOT}/TwitterKit/iOS/TwitterKit.framework/TwitterShareExtensionUIResources.bundle",
			);
			name = "[CP] Copy Pods Resources";
			outputPaths = (
				"${TARGET_BUILD_DIR}/${UNLOCALIZED_RESOURCES_FOLDER_PATH}",
			);
			runOnlyForDeploymentPostprocessing = 0;
			shellPath = /bin/sh;
			shellScript = "\"${SRCROOT}/Pods/Target Support Files/Pods-twitterSearch/Pods-twitterSearch-resources.sh\"\n";
			showEnvVarsInLog = 0;
		};
		DF3D64F2C2C4B6845D4C0ACF /* [CP] Check Pods Manifest.lock */ = {
			isa = PBXShellScriptBuildPhase;
			buildActionMask = 2147483647;
			files = (
			);
			inputPaths = (
				"${PODS_PODFILE_DIR_PATH}/Podfile.lock",
				"${PODS_ROOT}/Manifest.lock",
			);
			name = "[CP] Check Pods Manifest.lock";
			outputPaths = (
				"$(DERIVED_FILE_DIR)/Pods-twitterSearchTests-checkManifestLockResult.txt",
			);
			runOnlyForDeploymentPostprocessing = 0;
			shellPath = /bin/sh;
			shellScript = "diff \"${PODS_PODFILE_DIR_PATH}/Podfile.lock\" \"${PODS_ROOT}/Manifest.lock\" > /dev/null\nif [ $? != 0 ] ; then\n    # print error to STDERR\n    echo \"error: The sandbox is not in sync with the Podfile.lock. Run 'pod install' or update your CocoaPods installation.\" >&2\n    exit 1\nfi\n# This output is used by Xcode 'outputs' to avoid re-running this script phase.\necho \"SUCCESS\" > \"${SCRIPT_OUTPUT_FILE_0}\"\n";
			showEnvVarsInLog = 0;
		};
/* End PBXShellScriptBuildPhase section */

/* Begin PBXSourcesBuildPhase section */
		4DB9F6D1204FC11E0096AF35 /* Sources */ = {
			isa = PBXSourcesBuildPhase;
			buildActionMask = 2147483647;
			files = (
				4DDE7E76205165DE005AEF88 /* LoginService.swift in Sources */,
				4DB9F7802050FF680096AF35 /* LoginViewController.swift in Sources */,
				4DB9F784205100580096AF35 /* LoginInteractor.swift in Sources */,
				4D34826E2055502900B3CA70 /* HomeProtocols.swift in Sources */,
				4D7D46952056B5F70048B71D /* HomeInteractor.swift in Sources */,
				4D34826B20554F2800B3CA70 /* HomeViewController.swift in Sources */,
				4DDE7E7920516663005AEF88 /* AuthenModel.swift in Sources */,
				4D34825020528A5F00B3CA70 /* HomeTweetTableViewCell.swift in Sources */,
				4D3482702056544E00B3CA70 /* HomePresenter.swift in Sources */,
				4DDE7E7020515797005AEF88 /* String+Extension.swift in Sources */,
				4D7D46FA2057BE620048B71D /* DetailProtocols.swift in Sources */,
				4D7D46FC2057C5A80048B71D /* DetailViewController.swift in Sources */,
				4DB9F7862051007F0096AF35 /* LoginWireframe.swift in Sources */,
				4DB9F76E205055B20096AF35 /* TweetModel.swift in Sources */,
				4D348272205667B900B3CA70 /* HomeWireframe.swift in Sources */,
				4DDE7E732051627A005AEF88 /* TwitterConstant.swift in Sources */,
				4D7D46FE2057C5CA0048B71D /* DetailPresenter.swift in Sources */,
				4DB9F782205100290096AF35 /* LoginPresenter.swift in Sources */,
				4DB9F772205055D60096AF35 /* SearchService.swift in Sources */,
				4DB9F6D9204FC11E0096AF35 /* AppDelegate.swift in Sources */,
				4DB9F77E2050FE1D0096AF35 /* LoginProtocols.swift in Sources */,
				4D7D47002057C6190048B71D /* DetailWireframe.swift in Sources */,
				4DB9F789205101600096AF35 /* LoginDataManager.swift in Sources */,
				4D7D46972056B6440048B71D /* HomeDataManager.swift in Sources */,
			);
			runOnlyForDeploymentPostprocessing = 0;
		};
		4DB9F6E5204FC11E0096AF35 /* Sources */ = {
			isa = PBXSourcesBuildPhase;
			buildActionMask = 2147483647;
			files = (
				4DBEEE28205BAF7C00008340 /* TweetModelTests.swift in Sources */,
				4DAE5B6E205F8AFC00F9EF39 /* LoginPresenterTests.swift in Sources */,
				4DB9F6EE204FC11E0096AF35 /* twitterSearchTests.swift in Sources */,
				4D211E5B205FA627002469A0 /* HomePresenterTests.swift in Sources */,
				4D211E59205FA4F5002469A0 /* LoginDataManagerTests.swift in Sources */,
				4D3E352C205BB36A00C3BAA5 /* LoginWireframeTests.swift in Sources */,
				4DAE5B66205E6FC200F9EF39 /* SearchServiceTests.swift in Sources */,
				4DAE5B6C205EAA1000F9EF39 /* LoginInteractorTests.swift in Sources */,
				4D211E52205F9379002469A0 /* LoginViewTests.swift in Sources */,
				4D98D8BE2060CD040038A4FE /* DetailPresenterTests.swift in Sources */,
				4D10F4ED20601E8400DB9802 /* DetailViewTests.swift in Sources */,
				4DDBD114205FC9D5008629AE /* HomeViewTests.swift in Sources */,
				4D0B962A205A2588004DF45F /* UserModelTests.swift in Sources */,
				4D69183F205FC38C002876CA /* HomeInteractorTests.swift in Sources */,
			);
			runOnlyForDeploymentPostprocessing = 0;
		};
		4DB9F6F0204FC11E0096AF35 /* Sources */ = {
			isa = PBXSourcesBuildPhase;
			buildActionMask = 2147483647;
			files = (
				4DB9F6F9204FC11E0096AF35 /* twitterSearchUITests.swift in Sources */,
			);
			runOnlyForDeploymentPostprocessing = 0;
		};
/* End PBXSourcesBuildPhase section */

/* Begin PBXTargetDependency section */
		4DB9F6EB204FC11E0096AF35 /* PBXTargetDependency */ = {
			isa = PBXTargetDependency;
			target = 4DB9F6D4204FC11E0096AF35 /* twitterSearch */;
			targetProxy = 4DB9F6EA204FC11E0096AF35 /* PBXContainerItemProxy */;
		};
		4DB9F6F6204FC11E0096AF35 /* PBXTargetDependency */ = {
			isa = PBXTargetDependency;
			target = 4DB9F6D4204FC11E0096AF35 /* twitterSearch */;
			targetProxy = 4DB9F6F5204FC11E0096AF35 /* PBXContainerItemProxy */;
		};
/* End PBXTargetDependency section */

/* Begin PBXVariantGroup section */
		4DB9F6DC204FC11E0096AF35 /* Main.storyboard */ = {
			isa = PBXVariantGroup;
			children = (
				4DB9F6DD204FC11E0096AF35 /* Base */,
			);
			name = Main.storyboard;
			sourceTree = "<group>";
		};
		4DB9F6E1204FC11E0096AF35 /* LaunchScreen.storyboard */ = {
			isa = PBXVariantGroup;
			children = (
				4DB9F6E2204FC11E0096AF35 /* Base */,
			);
			name = LaunchScreen.storyboard;
			sourceTree = "<group>";
		};
/* End PBXVariantGroup section */

/* Begin XCBuildConfiguration section */
		4DB9F6FB204FC11E0096AF35 /* Debug */ = {
			isa = XCBuildConfiguration;
			buildSettings = {
				ALWAYS_SEARCH_USER_PATHS = NO;
				CLANG_ANALYZER_NONNULL = YES;
				CLANG_ANALYZER_NUMBER_OBJECT_CONVERSION = YES_AGGRESSIVE;
				CLANG_CXX_LANGUAGE_STANDARD = "gnu++14";
				CLANG_CXX_LIBRARY = "libc++";
				CLANG_ENABLE_MODULES = YES;
				CLANG_ENABLE_OBJC_ARC = YES;
				CLANG_WARN_BLOCK_CAPTURE_AUTORELEASING = YES;
				CLANG_WARN_BOOL_CONVERSION = YES;
				CLANG_WARN_COMMA = YES;
				CLANG_WARN_CONSTANT_CONVERSION = YES;
				CLANG_WARN_DIRECT_OBJC_ISA_USAGE = YES_ERROR;
				CLANG_WARN_DOCUMENTATION_COMMENTS = YES;
				CLANG_WARN_EMPTY_BODY = YES;
				CLANG_WARN_ENUM_CONVERSION = YES;
				CLANG_WARN_INFINITE_RECURSION = YES;
				CLANG_WARN_INT_CONVERSION = YES;
				CLANG_WARN_NON_LITERAL_NULL_CONVERSION = YES;
				CLANG_WARN_OBJC_LITERAL_CONVERSION = YES;
				CLANG_WARN_OBJC_ROOT_CLASS = YES_ERROR;
				CLANG_WARN_RANGE_LOOP_ANALYSIS = YES;
				CLANG_WARN_STRICT_PROTOTYPES = YES;
				CLANG_WARN_SUSPICIOUS_MOVE = YES;
				CLANG_WARN_UNGUARDED_AVAILABILITY = YES_AGGRESSIVE;
				CLANG_WARN_UNREACHABLE_CODE = YES;
				CLANG_WARN__DUPLICATE_METHOD_MATCH = YES;
				CODE_SIGN_IDENTITY = "iPhone Developer";
				COPY_PHASE_STRIP = NO;
				DEBUG_INFORMATION_FORMAT = dwarf;
				ENABLE_STRICT_OBJC_MSGSEND = YES;
				ENABLE_TESTABILITY = YES;
				GCC_C_LANGUAGE_STANDARD = gnu11;
				GCC_DYNAMIC_NO_PIC = NO;
				GCC_NO_COMMON_BLOCKS = YES;
				GCC_OPTIMIZATION_LEVEL = 0;
				GCC_PREPROCESSOR_DEFINITIONS = (
					"DEBUG=1",
					"$(inherited)",
				);
				GCC_WARN_64_TO_32_BIT_CONVERSION = YES;
				GCC_WARN_ABOUT_RETURN_TYPE = YES_ERROR;
				GCC_WARN_UNDECLARED_SELECTOR = YES;
				GCC_WARN_UNINITIALIZED_AUTOS = YES_AGGRESSIVE;
				GCC_WARN_UNUSED_FUNCTION = YES;
				GCC_WARN_UNUSED_VARIABLE = YES;
				IPHONEOS_DEPLOYMENT_TARGET = 11.2;
				MTL_ENABLE_DEBUG_INFO = YES;
				ONLY_ACTIVE_ARCH = YES;
				SDKROOT = iphoneos;
				SWIFT_ACTIVE_COMPILATION_CONDITIONS = DEBUG;
				SWIFT_OPTIMIZATION_LEVEL = "-Onone";
			};
			name = Debug;
		};
		4DB9F6FC204FC11E0096AF35 /* Release */ = {
			isa = XCBuildConfiguration;
			buildSettings = {
				ALWAYS_SEARCH_USER_PATHS = NO;
				CLANG_ANALYZER_NONNULL = YES;
				CLANG_ANALYZER_NUMBER_OBJECT_CONVERSION = YES_AGGRESSIVE;
				CLANG_CXX_LANGUAGE_STANDARD = "gnu++14";
				CLANG_CXX_LIBRARY = "libc++";
				CLANG_ENABLE_MODULES = YES;
				CLANG_ENABLE_OBJC_ARC = YES;
				CLANG_WARN_BLOCK_CAPTURE_AUTORELEASING = YES;
				CLANG_WARN_BOOL_CONVERSION = YES;
				CLANG_WARN_COMMA = YES;
				CLANG_WARN_CONSTANT_CONVERSION = YES;
				CLANG_WARN_DIRECT_OBJC_ISA_USAGE = YES_ERROR;
				CLANG_WARN_DOCUMENTATION_COMMENTS = YES;
				CLANG_WARN_EMPTY_BODY = YES;
				CLANG_WARN_ENUM_CONVERSION = YES;
				CLANG_WARN_INFINITE_RECURSION = YES;
				CLANG_WARN_INT_CONVERSION = YES;
				CLANG_WARN_NON_LITERAL_NULL_CONVERSION = YES;
				CLANG_WARN_OBJC_LITERAL_CONVERSION = YES;
				CLANG_WARN_OBJC_ROOT_CLASS = YES_ERROR;
				CLANG_WARN_RANGE_LOOP_ANALYSIS = YES;
				CLANG_WARN_STRICT_PROTOTYPES = YES;
				CLANG_WARN_SUSPICIOUS_MOVE = YES;
				CLANG_WARN_UNGUARDED_AVAILABILITY = YES_AGGRESSIVE;
				CLANG_WARN_UNREACHABLE_CODE = YES;
				CLANG_WARN__DUPLICATE_METHOD_MATCH = YES;
				CODE_SIGN_IDENTITY = "iPhone Developer";
				COPY_PHASE_STRIP = NO;
				DEBUG_INFORMATION_FORMAT = "dwarf-with-dsym";
				ENABLE_NS_ASSERTIONS = NO;
				ENABLE_STRICT_OBJC_MSGSEND = YES;
				GCC_C_LANGUAGE_STANDARD = gnu11;
				GCC_NO_COMMON_BLOCKS = YES;
				GCC_WARN_64_TO_32_BIT_CONVERSION = YES;
				GCC_WARN_ABOUT_RETURN_TYPE = YES_ERROR;
				GCC_WARN_UNDECLARED_SELECTOR = YES;
				GCC_WARN_UNINITIALIZED_AUTOS = YES_AGGRESSIVE;
				GCC_WARN_UNUSED_FUNCTION = YES;
				GCC_WARN_UNUSED_VARIABLE = YES;
				IPHONEOS_DEPLOYMENT_TARGET = 11.2;
				MTL_ENABLE_DEBUG_INFO = NO;
				SDKROOT = iphoneos;
				SWIFT_OPTIMIZATION_LEVEL = "-Owholemodule";
				VALIDATE_PRODUCT = YES;
			};
			name = Release;
		};
		4DB9F6FE204FC11E0096AF35 /* Debug */ = {
			isa = XCBuildConfiguration;
			baseConfigurationReference = C289FDCE8E3B0090B1E9C2D2 /* Pods-twitterSearch.debug.xcconfig */;
			buildSettings = {
				ASSETCATALOG_COMPILER_APPICON_NAME = AppIcon;
				CODE_SIGN_STYLE = Automatic;
				DEVELOPMENT_TEAM = P2N373N3GP;
				INFOPLIST_FILE = twitterSearch/Info.plist;
				IPHONEOS_DEPLOYMENT_TARGET = 11.0;
				LD_RUNPATH_SEARCH_PATHS = "$(inherited) @executable_path/Frameworks";
				PRODUCT_BUNDLE_IDENTIFIER = com.kajornsak.twitterSearch;
				PRODUCT_NAME = "$(TARGET_NAME)";
				SWIFT_VERSION = 4.0;
				TARGETED_DEVICE_FAMILY = "1,2";
			};
			name = Debug;
		};
		4DB9F6FF204FC11E0096AF35 /* Release */ = {
			isa = XCBuildConfiguration;
			baseConfigurationReference = 3AE84861893A420D23BA5BC0 /* Pods-twitterSearch.release.xcconfig */;
			buildSettings = {
				ASSETCATALOG_COMPILER_APPICON_NAME = AppIcon;
				CODE_SIGN_STYLE = Automatic;
				DEVELOPMENT_TEAM = P2N373N3GP;
				INFOPLIST_FILE = twitterSearch/Info.plist;
				IPHONEOS_DEPLOYMENT_TARGET = 11.0;
				LD_RUNPATH_SEARCH_PATHS = "$(inherited) @executable_path/Frameworks";
				PRODUCT_BUNDLE_IDENTIFIER = com.kajornsak.twitterSearch;
				PRODUCT_NAME = "$(TARGET_NAME)";
				SWIFT_VERSION = 4.0;
				TARGETED_DEVICE_FAMILY = "1,2";
			};
			name = Release;
		};
		4DB9F701204FC11E0096AF35 /* Debug */ = {
			isa = XCBuildConfiguration;
			baseConfigurationReference = 2BC079F8C13DC0F2A754381D /* Pods-twitterSearchTests.debug.xcconfig */;
			buildSettings = {
				ALWAYS_EMBED_SWIFT_STANDARD_LIBRARIES = YES;
				BUNDLE_LOADER = "$(TEST_HOST)";
				CODE_SIGN_STYLE = Automatic;
				DEVELOPMENT_TEAM = P2N373N3GP;
				INFOPLIST_FILE = twitterSearchTests/Info.plist;
				LD_RUNPATH_SEARCH_PATHS = "$(inherited) @executable_path/Frameworks @loader_path/Frameworks";
				PRODUCT_BUNDLE_IDENTIFIER = com.kajornsak.twitterSearchTests;
				PRODUCT_NAME = "$(TARGET_NAME)";
				SWIFT_VERSION = 4.0;
				TARGETED_DEVICE_FAMILY = "1,2";
				TEST_HOST = "$(BUILT_PRODUCTS_DIR)/twitterSearch.app/twitterSearch";
			};
			name = Debug;
		};
		4DB9F702204FC11E0096AF35 /* Release */ = {
			isa = XCBuildConfiguration;
			baseConfigurationReference = B6AAD3C4CD451362F3EFD43D /* Pods-twitterSearchTests.release.xcconfig */;
			buildSettings = {
				ALWAYS_EMBED_SWIFT_STANDARD_LIBRARIES = YES;
				BUNDLE_LOADER = "$(TEST_HOST)";
				CODE_SIGN_STYLE = Automatic;
				DEVELOPMENT_TEAM = P2N373N3GP;
				INFOPLIST_FILE = twitterSearchTests/Info.plist;
				LD_RUNPATH_SEARCH_PATHS = "$(inherited) @executable_path/Frameworks @loader_path/Frameworks";
				PRODUCT_BUNDLE_IDENTIFIER = com.kajornsak.twitterSearchTests;
				PRODUCT_NAME = "$(TARGET_NAME)";
				SWIFT_VERSION = 4.0;
				TARGETED_DEVICE_FAMILY = "1,2";
				TEST_HOST = "$(BUILT_PRODUCTS_DIR)/twitterSearch.app/twitterSearch";
			};
			name = Release;
		};
		4DB9F704204FC11E0096AF35 /* Debug */ = {
			isa = XCBuildConfiguration;
			baseConfigurationReference = D6434FD7B40DD231D9A22879 /* Pods-twitterSearchUITests.debug.xcconfig */;
			buildSettings = {
				ALWAYS_EMBED_SWIFT_STANDARD_LIBRARIES = YES;
				CODE_SIGN_STYLE = Automatic;
				DEVELOPMENT_TEAM = P2N373N3GP;
				INFOPLIST_FILE = twitterSearchUITests/Info.plist;
				LD_RUNPATH_SEARCH_PATHS = "$(inherited) @executable_path/Frameworks @loader_path/Frameworks";
				PRODUCT_BUNDLE_IDENTIFIER = com.kajornsak.twitterSearchUITests;
				PRODUCT_NAME = "$(TARGET_NAME)";
				SWIFT_VERSION = 4.0;
				TARGETED_DEVICE_FAMILY = "1,2";
				TEST_TARGET_NAME = twitterSearch;
			};
			name = Debug;
		};
		4DB9F705204FC11E0096AF35 /* Release */ = {
			isa = XCBuildConfiguration;
			baseConfigurationReference = 6EF3935309AE45014551055D /* Pods-twitterSearchUITests.release.xcconfig */;
			buildSettings = {
				ALWAYS_EMBED_SWIFT_STANDARD_LIBRARIES = YES;
				CODE_SIGN_STYLE = Automatic;
				DEVELOPMENT_TEAM = P2N373N3GP;
				INFOPLIST_FILE = twitterSearchUITests/Info.plist;
				LD_RUNPATH_SEARCH_PATHS = "$(inherited) @executable_path/Frameworks @loader_path/Frameworks";
				PRODUCT_BUNDLE_IDENTIFIER = com.kajornsak.twitterSearchUITests;
				PRODUCT_NAME = "$(TARGET_NAME)";
				SWIFT_VERSION = 4.0;
				TARGETED_DEVICE_FAMILY = "1,2";
				TEST_TARGET_NAME = twitterSearch;
			};
			name = Release;
		};
/* End XCBuildConfiguration section */

/* Begin XCConfigurationList section */
		4DB9F6D0204FC11E0096AF35 /* Build configuration list for PBXProject "twitterSearch" */ = {
			isa = XCConfigurationList;
			buildConfigurations = (
				4DB9F6FB204FC11E0096AF35 /* Debug */,
				4DB9F6FC204FC11E0096AF35 /* Release */,
			);
			defaultConfigurationIsVisible = 0;
			defaultConfigurationName = Release;
		};
		4DB9F6FD204FC11E0096AF35 /* Build configuration list for PBXNativeTarget "twitterSearch" */ = {
			isa = XCConfigurationList;
			buildConfigurations = (
				4DB9F6FE204FC11E0096AF35 /* Debug */,
				4DB9F6FF204FC11E0096AF35 /* Release */,
			);
			defaultConfigurationIsVisible = 0;
			defaultConfigurationName = Release;
		};
		4DB9F700204FC11E0096AF35 /* Build configuration list for PBXNativeTarget "twitterSearchTests" */ = {
			isa = XCConfigurationList;
			buildConfigurations = (
				4DB9F701204FC11E0096AF35 /* Debug */,
				4DB9F702204FC11E0096AF35 /* Release */,
			);
			defaultConfigurationIsVisible = 0;
			defaultConfigurationName = Release;
		};
		4DB9F703204FC11E0096AF35 /* Build configuration list for PBXNativeTarget "twitterSearchUITests" */ = {
			isa = XCConfigurationList;
			buildConfigurations = (
				4DB9F704204FC11E0096AF35 /* Debug */,
				4DB9F705204FC11E0096AF35 /* Release */,
			);
			defaultConfigurationIsVisible = 0;
			defaultConfigurationName = Release;
		};
/* End XCConfigurationList section */
	};
	rootObject = 4DB9F6CD204FC11E0096AF35 /* Project object */;
}
